// !$*UTF8*$!
{
	archiveVersion = 1;
	classes = {
	};
	objectVersion = 46;
	objects = {

/* Begin PBXBuildFile section */
		3EF4D9A01E6FDBA9002BC402 /* TextViewCell.swift in Sources */ = {isa = PBXBuildFile; fileRef = 3EF4D99E1E6FDBA9002BC402 /* TextViewCell.swift */; };
		3EF4D9A11E6FDBA9002BC402 /* TextViewCell.xib in Resources */ = {isa = PBXBuildFile; fileRef = 3EF4D99F1E6FDBA9002BC402 /* TextViewCell.xib */; };
		3EF4D9A41E6FDBBF002BC402 /* TextLabelCell.swift in Sources */ = {isa = PBXBuildFile; fileRef = 3EF4D9A21E6FDBBF002BC402 /* TextLabelCell.swift */; };
		3EF4D9A51E6FDBBF002BC402 /* TextLabelCell.xib in Resources */ = {isa = PBXBuildFile; fileRef = 3EF4D9A31E6FDBBF002BC402 /* TextLabelCell.xib */; };
		3EF4D9A91E6FDC68002BC402 /* TextView.swift in Sources */ = {isa = PBXBuildFile; fileRef = 3EF4D9A81E6FDC68002BC402 /* TextView.swift */; };
		3EF4D9AE1E7007A2002BC402 /* UnTextMoDel.swift in Sources */ = {isa = PBXBuildFile; fileRef = 3EF4D9AD1E7007A2002BC402 /* UnTextMoDel.swift */; };
		3EF4D9B01E700B3E002BC402 /* UnTextLabel.swift in Sources */ = {isa = PBXBuildFile; fileRef = 3EF4D9AF1E700B3E002BC402 /* UnTextLabel.swift */; };
		3EF9B6CA1E6D551700741A77 /* AppDelegate.swift in Sources */ = {isa = PBXBuildFile; fileRef = 3EF9B6C91E6D551700741A77 /* AppDelegate.swift */; };
		3EF9B6CC1E6D551700741A77 /* ViewController.swift in Sources */ = {isa = PBXBuildFile; fileRef = 3EF9B6CB1E6D551700741A77 /* ViewController.swift */; };
		3EF9B6CF1E6D551700741A77 /* Main.storyboard in Resources */ = {isa = PBXBuildFile; fileRef = 3EF9B6CD1E6D551700741A77 /* Main.storyboard */; };
		3EF9B6D11E6D551700741A77 /* Assets.xcassets in Resources */ = {isa = PBXBuildFile; fileRef = 3EF9B6D01E6D551700741A77 /* Assets.xcassets */; };
		3EF9B6D41E6D551700741A77 /* LaunchScreen.storyboard in Resources */ = {isa = PBXBuildFile; fileRef = 3EF9B6D21E6D551700741A77 /* LaunchScreen.storyboard */; };
		3EF9B6DD1E6D55BF00741A77 /* .gitignore in Resources */ = {isa = PBXBuildFile; fileRef = 3EF9B6DC1E6D55BF00741A77 /* .gitignore */; };
		3EF9B6E41E6D596B00741A77 /* Constants.swift in Sources */ = {isa = PBXBuildFile; fileRef = 3EF9B6E31E6D596B00741A77 /* Constants.swift */; };
		3EF9B6E61E6D599C00741A77 /* UnacademyService.swift in Sources */ = {isa = PBXBuildFile; fileRef = 3EF9B6E51E6D599C00741A77 /* UnacademyService.swift */; };
		3EF9B6E81E6D5A0400741A77 /* UnacademyDatasource.swift in Sources */ = {isa = PBXBuildFile; fileRef = 3EF9B6E71E6D5A0400741A77 /* UnacademyDatasource.swift */; };
		3EF9B6EA1E6D64FA00741A77 /* UnacademyAPIResults.swift in Sources */ = {isa = PBXBuildFile; fileRef = 3EF9B6E91E6D64FA00741A77 /* UnacademyAPIResults.swift */; };
		3EF9B6ED1E6E8FB500741A77 /* UnacademySingleton.swift in Sources */ = {isa = PBXBuildFile; fileRef = 3EF9B6EC1E6E8FB500741A77 /* UnacademySingleton.swift */; };
		FDB5185CEACD6F07356DD006 /* Pods_Unacademy.framework in Frameworks */ = {isa = PBXBuildFile; fileRef = 9F7341DD5C5259A7AA6A6FFF /* Pods_Unacademy.framework */; };
/* End PBXBuildFile section */

/* Begin PBXFileReference section */
		3EF4D99E1E6FDBA9002BC402 /* TextViewCell.swift */ = {isa = PBXFileReference; fileEncoding = 4; lastKnownFileType = sourcecode.swift; path = TextViewCell.swift; sourceTree = "<group>"; };
		3EF4D99F1E6FDBA9002BC402 /* TextViewCell.xib */ = {isa = PBXFileReference; fileEncoding = 4; lastKnownFileType = file.xib; path = TextViewCell.xib; sourceTree = "<group>"; };
		3EF4D9A21E6FDBBF002BC402 /* TextLabelCell.swift */ = {isa = PBXFileReference; fileEncoding = 4; lastKnownFileType = sourcecode.swift; path = TextLabelCell.swift; sourceTree = "<group>"; };
		3EF4D9A31E6FDBBF002BC402 /* TextLabelCell.xib */ = {isa = PBXFileReference; fileEncoding = 4; lastKnownFileType = file.xib; path = TextLabelCell.xib; sourceTree = "<group>"; };
		3EF4D9A81E6FDC68002BC402 /* TextView.swift */ = {isa = PBXFileReference; fileEncoding = 4; lastKnownFileType = sourcecode.swift; path = TextView.swift; sourceTree = "<group>"; };
		3EF4D9AD1E7007A2002BC402 /* UnTextMoDel.swift */ = {isa = PBXFileReference; fileEncoding = 4; lastKnownFileType = sourcecode.swift; path = UnTextMoDel.swift; sourceTree = "<group>"; };
		3EF4D9AF1E700B3E002BC402 /* UnTextLabel.swift */ = {isa = PBXFileReference; fileEncoding = 4; lastKnownFileType = sourcecode.swift; path = UnTextLabel.swift; sourceTree = "<group>"; };
		3EF9B6C61E6D551700741A77 /* Unacademy.app */ = {isa = PBXFileReference; explicitFileType = wrapper.application; includeInIndex = 0; path = Unacademy.app; sourceTree = BUILT_PRODUCTS_DIR; };
		3EF9B6C91E6D551700741A77 /* AppDelegate.swift */ = {isa = PBXFileReference; lastKnownFileType = sourcecode.swift; name = AppDelegate.swift; path = ../AppDelegate.swift; sourceTree = "<group>"; };
		3EF9B6CB1E6D551700741A77 /* ViewController.swift */ = {isa = PBXFileReference; lastKnownFileType = sourcecode.swift; name = ViewController.swift; path = ../ViewController.swift; sourceTree = "<group>"; };
		3EF9B6CE1E6D551700741A77 /* Base */ = {isa = PBXFileReference; lastKnownFileType = file.storyboard; name = Base; path = Base.lproj/Main.storyboard; sourceTree = "<group>"; };
		3EF9B6D01E6D551700741A77 /* Assets.xcassets */ = {isa = PBXFileReference; lastKnownFileType = folder.assetcatalog; name = Assets.xcassets; path = ../Assets.xcassets; sourceTree = "<group>"; };
		3EF9B6D31E6D551700741A77 /* Base */ = {isa = PBXFileReference; lastKnownFileType = file.storyboard; name = Base; path = Base.lproj/LaunchScreen.storyboard; sourceTree = "<group>"; };
		3EF9B6D51E6D551700741A77 /* Info.plist */ = {isa = PBXFileReference; lastKnownFileType = text.plist.xml; name = Info.plist; path = ../Info.plist; sourceTree = "<group>"; };
		3EF9B6DC1E6D55BF00741A77 /* .gitignore */ = {isa = PBXFileReference; fileEncoding = 4; lastKnownFileType = text; path = .gitignore; sourceTree = "<group>"; };
		3EF9B6E31E6D596B00741A77 /* Constants.swift */ = {isa = PBXFileReference; fileEncoding = 4; lastKnownFileType = sourcecode.swift; path = Constants.swift; sourceTree = "<group>"; };
		3EF9B6E51E6D599C00741A77 /* UnacademyService.swift */ = {isa = PBXFileReference; fileEncoding = 4; lastKnownFileType = sourcecode.swift; path = UnacademyService.swift; sourceTree = "<group>"; };
		3EF9B6E71E6D5A0400741A77 /* UnacademyDatasource.swift */ = {isa = PBXFileReference; fileEncoding = 4; lastKnownFileType = sourcecode.swift; path = UnacademyDatasource.swift; sourceTree = "<group>"; };
		3EF9B6E91E6D64FA00741A77 /* UnacademyAPIResults.swift */ = {isa = PBXFileReference; fileEncoding = 4; lastKnownFileType = sourcecode.swift; path = UnacademyAPIResults.swift; sourceTree = "<group>"; };
		3EF9B6EC1E6E8FB500741A77 /* UnacademySingleton.swift */ = {isa = PBXFileReference; fileEncoding = 4; lastKnownFileType = sourcecode.swift; path = UnacademySingleton.swift; sourceTree = "<group>"; };
		5E4C3252012CCDB745609235 /* Pods-Unacademy.debug.xcconfig */ = {isa = PBXFileReference; includeInIndex = 1; lastKnownFileType = text.xcconfig; name = "Pods-Unacademy.debug.xcconfig"; path = "Pods/Target Support Files/Pods-Unacademy/Pods-Unacademy.debug.xcconfig"; sourceTree = "<group>"; };
		6A3E1C71E293C50236F4207B /* Pods-Unacademy.release.xcconfig */ = {isa = PBXFileReference; includeInIndex = 1; lastKnownFileType = text.xcconfig; name = "Pods-Unacademy.release.xcconfig"; path = "Pods/Target Support Files/Pods-Unacademy/Pods-Unacademy.release.xcconfig"; sourceTree = "<group>"; };
		9F7341DD5C5259A7AA6A6FFF /* Pods_Unacademy.framework */ = {isa = PBXFileReference; explicitFileType = wrapper.framework; includeInIndex = 0; path = Pods_Unacademy.framework; sourceTree = BUILT_PRODUCTS_DIR; };
/* End PBXFileReference section */

/* Begin PBXFrameworksBuildPhase section */
		3EF9B6C31E6D551700741A77 /* Frameworks */ = {
			isa = PBXFrameworksBuildPhase;
			buildActionMask = 2147483647;
			files = (
				FDB5185CEACD6F07356DD006 /* Pods_Unacademy.framework in Frameworks */,
			);
			runOnlyForDeploymentPostprocessing = 0;
		};
/* End PBXFrameworksBuildPhase section */

/* Begin PBXGroup section */
		1BFBF4A66A9F64EAC7ABB51F /* Frameworks */ = {
			isa = PBXGroup;
			children = (
				9F7341DD5C5259A7AA6A6FFF /* Pods_Unacademy.framework */,
			);
			name = Frameworks;
			sourceTree = "<group>";
		};
		3EF9B6BD1E6D551700741A77 = {
			isa = PBXGroup;
			children = (
				3EF9B6C81E6D551700741A77 /* Unacademy */,
				3EF9B6C71E6D551700741A77 /* Products */,
				82F30E31F7BE56318BA22693 /* Pods */,
				1BFBF4A66A9F64EAC7ABB51F /* Frameworks */,
			);
			sourceTree = "<group>";
		};
		3EF9B6C71E6D551700741A77 /* Products */ = {
			isa = PBXGroup;
			children = (
				3EF9B6C61E6D551700741A77 /* Unacademy.app */,
			);
			name = Products;
			sourceTree = "<group>";
		};
		3EF9B6C81E6D551700741A77 /* Unacademy */ = {
			isa = PBXGroup;
			children = (
				3EF9B6EB1E6E8F8100741A77 /* UnacademySingleton */,
				3EF9B6E21E6D591E00741A77 /* Utility */,
				3EF9B6E11E6D58BB00741A77 /* Views and Storyboards */,
				3EF9B6E01E6D587F00741A77 /* Controllers */,
				3EF9B6DF1E6D586D00741A77 /* Service */,
				3EF9B6DE1E6D586400741A77 /* Model */,
				3EF9B6DB1E6D553D00741A77 /* AppResources */,
			);
			path = Unacademy;
			sourceTree = "<group>";
		};
		3EF9B6DB1E6D553D00741A77 /* AppResources */ = {
			isa = PBXGroup;
			children = (
				3EF9B6DC1E6D55BF00741A77 /* .gitignore */,
				3EF9B6C91E6D551700741A77 /* AppDelegate.swift */,
				3EF9B6D01E6D551700741A77 /* Assets.xcassets */,
				3EF9B6D51E6D551700741A77 /* Info.plist */,
			);
			path = AppResources;
			sourceTree = "<group>";
		};
		3EF9B6DE1E6D586400741A77 /* Model */ = {
			isa = PBXGroup;
			children = (
				3EF9B6E71E6D5A0400741A77 /* UnacademyDatasource.swift */,
				3EF9B6E91E6D64FA00741A77 /* UnacademyAPIResults.swift */,
				3EF4D9AD1E7007A2002BC402 /* UnTextMoDel.swift */,
			);
			path = Model;
			sourceTree = "<group>";
		};
		3EF9B6DF1E6D586D00741A77 /* Service */ = {
			isa = PBXGroup;
			children = (
				3EF9B6E51E6D599C00741A77 /* UnacademyService.swift */,
			);
			path = Service;
			sourceTree = "<group>";
		};
		3EF9B6E01E6D587F00741A77 /* Controllers */ = {
			isa = PBXGroup;
			children = (
				3EF9B6CB1E6D551700741A77 /* ViewController.swift */,
			);
			path = Controllers;
			sourceTree = "<group>";
		};
		3EF9B6E11E6D58BB00741A77 /* Views and Storyboards */ = {
			isa = PBXGroup;
			children = (
				3EF9B6CD1E6D551700741A77 /* Main.storyboard */,
				3EF9B6D21E6D551700741A77 /* LaunchScreen.storyboard */,
				3EF4D99E1E6FDBA9002BC402 /* TextViewCell.swift */,
				3EF4D99F1E6FDBA9002BC402 /* TextViewCell.xib */,
				3EF4D9A21E6FDBBF002BC402 /* TextLabelCell.swift */,
				3EF4D9A31E6FDBBF002BC402 /* TextLabelCell.xib */,
			);
			path = "Views and Storyboards";
			sourceTree = "<group>";
		};
		3EF9B6E21E6D591E00741A77 /* Utility */ = {
			isa = PBXGroup;
			children = (
				3EF9B6E31E6D596B00741A77 /* Constants.swift */,
				3EF4D9A81E6FDC68002BC402 /* TextView.swift */,
				3EF4D9AF1E700B3E002BC402 /* UnTextLabel.swift */,
			);
			path = Utility;
			sourceTree = "<group>";
		};
		3EF9B6EB1E6E8F8100741A77 /* UnacademySingleton */ = {
			isa = PBXGroup;
			children = (
				3EF9B6EC1E6E8FB500741A77 /* UnacademySingleton.swift */,
			);
			path = UnacademySingleton;
			sourceTree = "<group>";
		};
		82F30E31F7BE56318BA22693 /* Pods */ = {
			isa = PBXGroup;
			children = (
				5E4C3252012CCDB745609235 /* Pods-Unacademy.debug.xcconfig */,
				6A3E1C71E293C50236F4207B /* Pods-Unacademy.release.xcconfig */,
			);
			name = Pods;
			sourceTree = "<group>";
		};
/* End PBXGroup section */

/* Begin PBXNativeTarget section */
		3EF9B6C51E6D551700741A77 /* Unacademy */ = {
			isa = PBXNativeTarget;
			buildConfigurationList = 3EF9B6D81E6D551700741A77 /* Build configuration list for PBXNativeTarget "Unacademy" */;
			buildPhases = (
				75253F1AFE250BA8EE2B9207 /* [CP] Check Pods Manifest.lock */,
				3EF9B6C21E6D551700741A77 /* Sources */,
				3EF9B6C31E6D551700741A77 /* Frameworks */,
				3EF9B6C41E6D551700741A77 /* Resources */,
				1C39925D4AECA7E3AA98E157 /* [CP] Embed Pods Frameworks */,
				A4FD17ED1E3D97E123D1BDA5 /* [CP] Copy Pods Resources */,
			);
			buildRules = (
			);
			dependencies = (
			);
			name = Unacademy;
			productName = Unacademy;
			productReference = 3EF9B6C61E6D551700741A77 /* Unacademy.app */;
			productType = "com.apple.product-type.application";
		};
/* End PBXNativeTarget section */

/* Begin PBXProject section */
		3EF9B6BE1E6D551700741A77 /* Project object */ = {
			isa = PBXProject;
			attributes = {
				LastSwiftUpdateCheck = 0820;
				LastUpgradeCheck = 0820;
				ORGANIZATIONNAME = "Subhodip Banerjee";
				TargetAttributes = {
					3EF9B6C51E6D551700741A77 = {
						CreatedOnToolsVersion = 8.2.1;
						ProvisioningStyle = Automatic;
					};
				};
			};
			buildConfigurationList = 3EF9B6C11E6D551700741A77 /* Build configuration list for PBXProject "Unacademy" */;
			compatibilityVersion = "Xcode 3.2";
			developmentRegion = English;
			hasScannedForEncodings = 0;
			knownRegions = (
				en,
				Base,
			);
			mainGroup = 3EF9B6BD1E6D551700741A77;
			productRefGroup = 3EF9B6C71E6D551700741A77 /* Products */;
			projectDirPath = "";
			projectRoot = "";
			targets = (
				3EF9B6C51E6D551700741A77 /* Unacademy */,
			);
		};
/* End PBXProject section */

/* Begin PBXResourcesBuildPhase section */
		3EF9B6C41E6D551700741A77 /* Resources */ = {
			isa = PBXResourcesBuildPhase;
			buildActionMask = 2147483647;
			files = (
				3EF9B6DD1E6D55BF00741A77 /* .gitignore in Resources */,
				3EF4D9A11E6FDBA9002BC402 /* TextViewCell.xib in Resources */,
				3EF9B6D41E6D551700741A77 /* LaunchScreen.storyboard in Resources */,
				3EF9B6D11E6D551700741A77 /* Assets.xcassets in Resources */,
				3EF9B6CF1E6D551700741A77 /* Main.storyboard in Resources */,
				3EF4D9A51E6FDBBF002BC402 /* TextLabelCell.xib in Resources */,
			);
			runOnlyForDeploymentPostprocessing = 0;
		};
/* End PBXResourcesBuildPhase section */

/* Begin PBXShellScriptBuildPhase section */
		1C39925D4AECA7E3AA98E157 /* [CP] Embed Pods Frameworks */ = {
			isa = PBXShellScriptBuildPhase;
			buildActionMask = 2147483647;
			files = (
			);
			inputPaths = (
			);
			name = "[CP] Embed Pods Frameworks";
			outputPaths = (
			);
			runOnlyForDeploymentPostprocessing = 0;
			shellPath = /bin/sh;
			shellScript = "\"${SRCROOT}/Pods/Target Support Files/Pods-Unacademy/Pods-Unacademy-frameworks.sh\"\n";
			showEnvVarsInLog = 0;
		};
		75253F1AFE250BA8EE2B9207 /* [CP] Check Pods Manifest.lock */ = {
			isa = PBXShellScriptBuildPhase;
			buildActionMask = 2147483647;
			files = (
			);
			inputPaths = (
			);
			name = "[CP] Check Pods Manifest.lock";
			outputPaths = (
			);
			runOnlyForDeploymentPostprocessing = 0;
			shellPath = /bin/sh;
			shellScript = "diff \"${PODS_ROOT}/../Podfile.lock\" \"${PODS_ROOT}/Manifest.lock\" > /dev/null\nif [ $? != 0 ] ; then\n    # print error to STDERR\n    echo \"error: The sandbox is not in sync with the Podfile.lock. Run 'pod install' or update your CocoaPods installation.\" >&2\n    exit 1\nfi\n";
			showEnvVarsInLog = 0;
		};
		A4FD17ED1E3D97E123D1BDA5 /* [CP] Copy Pods Resources */ = {
			isa = PBXShellScriptBuildPhase;
			buildActionMask = 2147483647;
			files = (
			);
			inputPaths = (
			);
			name = "[CP] Copy Pods Resources";
			outputPaths = (
			);
			runOnlyForDeploymentPostprocessing = 0;
			shellPath = /bin/sh;
			shellScript = "\"${SRCROOT}/Pods/Target Support Files/Pods-Unacademy/Pods-Unacademy-resources.sh\"\n";
			showEnvVarsInLog = 0;
		};
/* End PBXShellScriptBuildPhase section */

/* Begin PBXSourcesBuildPhase section */
		3EF9B6C21E6D551700741A77 /* Sources */ = {
			isa = PBXSourcesBuildPhase;
			buildActionMask = 2147483647;
			files = (
				3EF4D9AE1E7007A2002BC402 /* UnTextMoDel.swift in Sources */,
				3EF9B6CC1E6D551700741A77 /* ViewController.swift in Sources */,
				3EF4D9A91E6FDC68002BC402 /* TextView.swift in Sources */,
				3EF9B6EA1E6D64FA00741A77 /* UnacademyAPIResults.swift in Sources */,
				3EF9B6E61E6D599C00741A77 /* UnacademyService.swift in Sources */,
				3EF9B6CA1E6D551700741A77 /* AppDelegate.swift in Sources */,
				3EF9B6ED1E6E8FB500741A77 /* UnacademySingleton.swift in Sources */,
				3EF4D9A01E6FDBA9002BC402 /* TextViewCell.swift in Sources */,
				3EF9B6E81E6D5A0400741A77 /* UnacademyDatasource.swift in Sources */,
				3EF4D9B01E700B3E002BC402 /* UnTextLabel.swift in Sources */,
				3EF4D9A41E6FDBBF002BC402 /* TextLabelCell.swift in Sources */,
				3EF9B6E41E6D596B00741A77 /* Constants.swift in Sources */,
			);
			runOnlyForDeploymentPostprocessing = 0;
		};
/* End PBXSourcesBuildPhase section */

/* Begin PBXVariantGroup section */
		3EF9B6CD1E6D551700741A77 /* Main.storyboard */ = {
			isa = PBXVariantGroup;
			children = (
				3EF9B6CE1E6D551700741A77 /* Base */,
			);
			name = Main.storyboard;
			path = ..;
			sourceTree = "<group>";
		};
		3EF9B6D21E6D551700741A77 /* LaunchScreen.storyboard */ = {
			isa = PBXVariantGroup;
			children = (
				3EF9B6D31E6D551700741A77 /* Base */,
			);
			name = LaunchScreen.storyboard;
			path = ..;
			sourceTree = "<group>";
		};
/* End PBXVariantGroup section */

/* Begin XCBuildConfiguration section */
		3EF9B6D61E6D551700741A77 /* Debug */ = {
			isa = XCBuildConfiguration;
			buildSettings = {
				ALWAYS_SEARCH_USER_PATHS = NO;
				CLANG_ANALYZER_NONNULL = YES;
				CLANG_CXX_LANGUAGE_STANDARD = "gnu++0x";
				CLANG_CXX_LIBRARY = "libc++";
				CLANG_ENABLE_MODULES = YES;
				CLANG_ENABLE_OBJC_ARC = YES;
				CLANG_WARN_BOOL_CONVERSION = YES;
				CLANG_WARN_CONSTANT_CONVERSION = YES;
				CLANG_WARN_DIRECT_OBJC_ISA_USAGE = YES_ERROR;
				CLANG_WARN_DOCUMENTATION_COMMENTS = YES;
				CLANG_WARN_EMPTY_BODY = YES;
				CLANG_WARN_ENUM_CONVERSION = YES;
				CLANG_WARN_INFINITE_RECURSION = YES;
				CLANG_WARN_INT_CONVERSION = YES;
				CLANG_WARN_OBJC_ROOT_CLASS = YES_ERROR;
				CLANG_WARN_SUSPICIOUS_MOVE = YES;
				CLANG_WARN_UNREACHABLE_CODE = YES;
				CLANG_WARN__DUPLICATE_METHOD_MATCH = YES;
				"CODE_SIGN_IDENTITY[sdk=iphoneos*]" = "iPhone Developer";
				COPY_PHASE_STRIP = NO;
				DEBUG_INFORMATION_FORMAT = dwarf;
				ENABLE_STRICT_OBJC_MSGSEND = YES;
				ENABLE_TESTABILITY = YES;
				GCC_C_LANGUAGE_STANDARD = gnu99;
				GCC_DYNAMIC_NO_PIC = NO;
				GCC_NO_COMMON_BLOCKS = YES;
				GCC_OPTIMIZATION_LEVEL = 0;
				GCC_PREPROCESSOR_DEFINITIONS = (
					"DEBUG=1",
					"$(inherited)",
				);
				GCC_WARN_64_TO_32_BIT_CONVERSION = YES;
				GCC_WARN_ABOUT_RETURN_TYPE = YES_ERROR;
				GCC_WARN_UNDECLARED_SELECTOR = YES;
				GCC_WARN_UNINITIALIZED_AUTOS = YES_AGGRESSIVE;
				GCC_WARN_UNUSED_FUNCTION = YES;
				GCC_WARN_UNUSED_VARIABLE = YES;
				IPHONEOS_DEPLOYMENT_TARGET = 10.2;
				MTL_ENABLE_DEBUG_INFO = YES;
				ONLY_ACTIVE_ARCH = YES;
				SDKROOT = iphoneos;
				SWIFT_ACTIVE_COMPILATION_CONDITIONS = DEBUG;
				SWIFT_OPTIMIZATION_LEVEL = "-Onone";
				TARGETED_DEVICE_FAMILY = "1,2";
			};
			name = Debug;
		};
		3EF9B6D71E6D551700741A77 /* Release */ = {
			isa = XCBuildConfiguration;
			buildSettings = {
				ALWAYS_SEARCH_USER_PATHS = NO;
				CLANG_ANALYZER_NONNULL = YES;
				CLANG_CXX_LANGUAGE_STANDARD = "gnu++0x";
				CLANG_CXX_LIBRARY = "libc++";
				CLANG_ENABLE_MODULES = YES;
				CLANG_ENABLE_OBJC_ARC = YES;
				CLANG_WARN_BOOL_CONVERSION = YES;
				CLANG_WARN_CONSTANT_CONVERSION = YES;
				CLANG_WARN_DIRECT_OBJC_ISA_USAGE = YES_ERROR;
				CLANG_WARN_DOCUMENTATION_COMMENTS = YES;
				CLANG_WARN_EMPTY_BODY = YES;
				CLANG_WARN_ENUM_CONVERSION = YES;
				CLANG_WARN_INFINITE_RECURSION = YES;
				CLANG_WARN_INT_CONVERSION = YES;
				CLANG_WARN_OBJC_ROOT_CLASS = YES_ERROR;
				CLANG_WARN_SUSPICIOUS_MOVE = YES;
				CLANG_WARN_UNREACHABLE_CODE = YES;
				CLANG_WARN__DUPLICATE_METHOD_MATCH = YES;
				"CODE_SIGN_IDENTITY[sdk=iphoneos*]" = "iPhone Developer";
				COPY_PHASE_STRIP = NO;
				DEBUG_INFORMATION_FORMAT = "dwarf-with-dsym";
				ENABLE_NS_ASSERTIONS = NO;
				ENABLE_STRICT_OBJC_MSGSEND = YES;
				GCC_C_LANGUAGE_STANDARD = gnu99;
				GCC_NO_COMMON_BLOCKS = YES;
				GCC_WARN_64_TO_32_BIT_CONVERSION = YES;
				GCC_WARN_ABOUT_RETURN_TYPE = YES_ERROR;
				GCC_WARN_UNDECLARED_SELECTOR = YES;
				GCC_WARN_UNINITIALIZED_AUTOS = YES_AGGRESSIVE;
				GCC_WARN_UNUSED_FUNCTION = YES;
				GCC_WARN_UNUSED_VARIABLE = YES;
				IPHONEOS_DEPLOYMENT_TARGET = 10.2;
				MTL_ENABLE_DEBUG_INFO = NO;
				SDKROOT = iphoneos;
				SWIFT_OPTIMIZATION_LEVEL = "-Owholemodule";
				TARGETED_DEVICE_FAMILY = "1,2";
				VALIDATE_PRODUCT = YES;
			};
			name = Release;
		};
		3EF9B6D91E6D551700741A77 /* Debug */ = {
			isa = XCBuildConfiguration;
			baseConfigurationReference = 5E4C3252012CCDB745609235 /* Pods-Unacademy.debug.xcconfig */;
			buildSettings = {
				ASSETCATALOG_COMPILER_APPICON_NAME = AppIcon;
				INFOPLIST_FILE = Unacademy/Info.plist;
				IPHONEOS_DEPLOYMENT_TARGET = 8.0;
				LD_RUNPATH_SEARCH_PATHS = "$(inherited) @executable_path/Frameworks";
				PRODUCT_BUNDLE_IDENTIFIER = abc.Unacademy;
				PRODUCT_NAME = "$(TARGET_NAME)";
				SWIFT_VERSION = 3.0;
			};
			name = Debug;
		};
		3EF9B6DA1E6D551700741A77 /* Release */ = {
			isa = XCBuildConfiguration;
			baseConfigurationReference = 6A3E1C71E293C50236F4207B /* Pods-Unacademy.release.xcconfig */;
			buildSettings = {
				ASSETCATALOG_COMPILER_APPICON_NAME = AppIcon;
				INFOPLIST_FILE = Unacademy/Info.plist;
				IPHONEOS_DEPLOYMENT_TARGET = 8.0;
				LD_RUNPATH_SEARCH_PATHS = "$(inherited) @executable_path/Frameworks";
				PRODUCT_BUNDLE_IDENTIFIER = abc.Unacademy;
				PRODUCT_NAME = "$(TARGET_NAME)";
				SWIFT_VERSION = 3.0;
			};
			name = Release;
		};
/* End XCBuildConfiguration section */

/* Begin XCConfigurationList section */
		3EF9B6C11E6D551700741A77 /* Build configuration list for PBXProject "Unacademy" */ = {
			isa = XCConfigurationList;
			buildConfigurations = (
				3EF9B6D61E6D551700741A77 /* Debug */,
				3EF9B6D71E6D551700741A77 /* Release */,
			);
			defaultConfigurationIsVisible = 0;
			defaultConfigurationName = Release;
		};
		3EF9B6D81E6D551700741A77 /* Build configuration list for PBXNativeTarget "Unacademy" */ = {
			isa = XCConfigurationList;
			buildConfigurations = (
				3EF9B6D91E6D551700741A77 /* Debug */,
				3EF9B6DA1E6D551700741A77 /* Release */,
			);
			defaultConfigurationIsVisible = 0;
			defaultConfigurationName = Release;
		};
/* End XCConfigurationList section */
	};
	rootObject = 3EF9B6BE1E6D551700741A77 /* Project object */;
}
